
Microsoft Visual Studio Solution File, Format Version 12.00
# Visual Studio 15
VisualStudioVersion = 15.0.28307.572
MinimumVisualStudioVersion = 10.0.40219.1
Project("{FAE04EC0-301F-11D3-BF4B-00C04F79EFBC}") = "r-ganesh", "r-ganesh\r-ganesh.csproj", "{841C401B-23A9-4C6F-8255-6ABFBC12F8FD}"
EndProject
Global
	GlobalSection(SolutionConfigurationPlatforms) = preSolution
		Debug|Any CPU = Debug|Any CPU
		Release|Any CPU = Release|Any CPU
	EndGlobalSection
	GlobalSection(ProjectConfigurationPlatforms) = postSolution
		{841C401B-23A9-4C6F-8255-6ABFBC12F8FD}.Debug|Any CPU.ActiveCfg = Debug|Any CPU
		{841C401B-23A9-4C6F-8255-6ABFBC12F8FD}.Debug|Any CPU.Build.0 = Debug|Any CPU
		{841C401B-23A9-4C6F-8255-6ABFBC12F8FD}.Release|Any CPU.ActiveCfg = Release|Any CPU
		{841C401B-23A9-4C6F-8255-6ABFBC12F8FD}.Release|Any CPU.Build.0 = Release|Any CPU
	EndGlobalSection
	GlobalSection(SolutionProperties) = preSolution
		HideSolutionNode = FALSE
	EndGlobalSection
	GlobalSection(ExtensibilityGlobals) = postSolution
		SolutionGuid = {B2C51AB1-D399-4177-BCA9-861D1B79FC1A}
	EndGlobalSection
EndGlobal
